
Microsoft Visual Studio Solution File, Format Version 12.00
# Visual Studio 15
VisualStudioVersion = 15.0.27130.2027
MinimumVisualStudioVersion = 10.0.40219.1
Project("{FAE04EC0-301F-11D3-BF4B-00C04F79EFBC}") = "ZeonTicaret.WebUI", "ZeonTicaret.WebUI\ZeonTicaret.WebUI.csproj", "{4AC79CC7-E3C8-49E6-B6FA-CB32A246111B}"
EndProject
Global
	GlobalSection(SolutionConfigurationPlatforms) = preSolution
		Debug|Any CPU = Debug|Any CPU
		Release|Any CPU = Release|Any CPU
	EndGlobalSection
	GlobalSection(ProjectConfigurationPlatforms) = postSolution
		{4AC79CC7-E3C8-49E6-B6FA-CB32A246111B}.Debug|Any CPU.ActiveCfg = Debug|Any CPU
		{4AC79CC7-E3C8-49E6-B6FA-CB32A246111B}.Debug|Any CPU.Build.0 = Debug|Any CPU
		{4AC79CC7-E3C8-49E6-B6FA-CB32A246111B}.Release|Any CPU.ActiveCfg = Release|Any CPU
		{4AC79CC7-E3C8-49E6-B6FA-CB32A246111B}.Release|Any CPU.Build.0 = Release|Any CPU
	EndGlobalSection
	GlobalSection(SolutionProperties) = preSolution
		HideSolutionNode = FALSE
	EndGlobalSection
	GlobalSection(ExtensibilityGlobals) = postSolution
		SolutionGuid = {F6C934D7-D955-4196-BDBE-CA6CF30C762F}
	EndGlobalSection
EndGlobal
